{
    "_readme": [
        "This file locks the dependencies of your project to a known state",
        "Read more about it at https://getcomposer.org/doc/01-basic-usage.md#composer-lock-the-lock-file",
        "This file is @generated automatically"
    ],
    "hash": "f7d9d187266d22b97bdbe4d840a35e9e",
    "content-hash": "02c03636e4777193e5ea7832f981021b",
    "packages": [
        {
            "name": "symfony/yaml",
            "version": "v3.1.4",
            "source": {
                "type": "git",
                "url": "https://github.com/symfony/yaml.git",
                "reference": "f291ed25eb1435bddbe8a96caaef16469c2a092d"
            },
            "dist": {
                "type": "zip",
                "url": "https://api.github.com/repos/symfony/yaml/zipball/f291ed25eb1435bddbe8a96caaef16469c2a092d",
                "reference": "f291ed25eb1435bddbe8a96caaef16469c2a092d",
                "shasum": ""
            },
            "require": {
                "php": ">=5.5.9"
            },
            "type": "library",
            "extra": {
                "branch-alias": {
                    "dev-master": "3.1-dev"
                }
            },
            "autoload": {
                "psr-4": {
                    "Symfony\\Component\\Yaml\\": ""
                },
                "exclude-from-classmap": [
                    "/Tests/"
                ]
            },
            "notification-url": "https://packagist.org/downloads/",
            "license": [
                "MIT"
            ],
            "authors": [
                {
                    "name": "Fabien Potencier",
                    "email": "fabien@symfony.com"
                },
                {
                    "name": "Symfony Community",
                    "homepage": "https://symfony.com/contributors"
                }
            ],
            "description": "Symfony Yaml Component",
            "homepage": "https://symfony.com",
            "time": "2016-09-02 02:12:52"
        },
        {
            "name": "tan-tan-kanarek/github-php-client",
            "version": "1.0.0",
            "source": {
                "type": "git",
                "url": "https://github.com/tan-tan-kanarek/github-php-client.git",
                "reference": "9103c68507b7eba0a51b13dc499838e2cf83cdfb"
            },
            "dist": {
                "type": "zip",
                "url": "https://api.github.com/repos/tan-tan-kanarek/github-php-client/zipball/9103c68507b7eba0a51b13dc499838e2cf83cdfb",
                "reference": "9103c68507b7eba0a51b13dc499838e2cf83cdfb",
                "shasum": ""
            },
            "type": "library",
            "autoload": {
                "classmap": [
                    "client/"
                ]
            },
            "notification-url": "https://packagist.org/downloads/",
            "license": [
                "proprietary"
            ],
            "description": "PHP client for the Github API",
            "time": "2015-11-16 08:36:41"
        }
    ],
    "packages-dev": [],
    "aliases": [],
    "minimum-stability": "stable",
    "stability-flags": [],
    "prefer-stable": false,
    "prefer-lowest": false,
    "platform": {
        "php": "^7.0",
        "ext-curl": "*"
    },
    "platform-dev": []
}
